// !$*UTF8*$!
{
	archiveVersion = 1;
	classes = {
	};
	objectVersion = 50;
	objects = {

/* Begin PBXBuildFile section */
		9F1AB8E425D440A000A1E66C /* TLSClient.m in Sources */ = {isa = PBXBuildFile; fileRef = 9F1AB8E325D440A000A1E66C /* TLSClient.m */; };
		9FB08F3925CD6DAA0027E068 /* AppDelegate.m in Sources */ = {isa = PBXBuildFile; fileRef = 9FB08F3825CD6DAA0027E068 /* AppDelegate.m */; };
		9FB08F3B25CD6DAE0027E068 /* Assets.xcassets in Resources */ = {isa = PBXBuildFile; fileRef = 9FB08F3A25CD6DAE0027E068 /* Assets.xcassets */; };
		9FB08F3E25CD6DAE0027E068 /* MainMenu.xib in Resources */ = {isa = PBXBuildFile; fileRef = 9FB08F3C25CD6DAE0027E068 /* MainMenu.xib */; };
		9FB08F4125CD6DAE0027E068 /* main.m in Sources */ = {isa = PBXBuildFile; fileRef = 9FB08F4025CD6DAE0027E068 /* main.m */; };
/* End PBXBuildFile section */

/* Begin PBXFileReference section */
		9F1AB8E225D440A000A1E66C /* TLSClient.h */ = {isa = PBXFileReference; lastKnownFileType = sourcecode.c.h; path = TLSClient.h; sourceTree = "<group>"; };
		9F1AB8E325D440A000A1E66C /* TLSClient.m */ = {isa = PBXFileReference; lastKnownFileType = sourcecode.c.objc; path = TLSClient.m; sourceTree = "<group>"; };
		9FB08F3425CD6DAA0027E068 /* example.com.app */ = {isa = PBXFileReference; explicitFileType = wrapper.application; includeInIndex = 0; path = example.com.app; sourceTree = BUILT_PRODUCTS_DIR; };
		9FB08F3725CD6DAA0027E068 /* AppDelegate.h */ = {isa = PBXFileReference; lastKnownFileType = sourcecode.c.h; path = AppDelegate.h; sourceTree = "<group>"; };
		9FB08F3825CD6DAA0027E068 /* AppDelegate.m */ = {isa = PBXFileReference; lastKnownFileType = sourcecode.c.objc; path = AppDelegate.m; sourceTree = "<group>"; };
		9FB08F3A25CD6DAE0027E068 /* Assets.xcassets */ = {isa = PBXFileReference; lastKnownFileType = folder.assetcatalog; path = Assets.xcassets; sourceTree = "<group>"; };
		9FB08F3D25CD6DAE0027E068 /* Base */ = {isa = PBXFileReference; lastKnownFileType = file.xib; name = Base; path = Base.lproj/MainMenu.xib; sourceTree = "<group>"; };
		9FB08F3F25CD6DAE0027E068 /* Info.plist */ = {isa = PBXFileReference; lastKnownFileType = text.plist.xml; path = Info.plist; sourceTree = "<group>"; };
		9FB08F4025CD6DAE0027E068 /* main.m */ = {isa = PBXFileReference; lastKnownFileType = sourcecode.c.objc; path = main.m; sourceTree = "<group>"; };
		9FB08F4225CD6DAE0027E068 /* example.com.entitlements */ = {isa = PBXFileReference; lastKnownFileType = text.plist.entitlements; path = example.com.entitlements; sourceTree = "<group>"; };
/* End PBXFileReference section */

/* Begin PBXFrameworksBuildPhase section */
		9FB08F3125CD6DAA0027E068 /* Frameworks */ = {
			isa = PBXFrameworksBuildPhase;
			buildActionMask = 2147483647;
			files = (
			);
			runOnlyForDeploymentPostprocessing = 0;
		};
/* End PBXFrameworksBuildPhase section */

/* Begin PBXGroup section */
		9FB08F2B25CD6DA90027E068 = {
			isa = PBXGroup;
			children = (
				9FB08F3625CD6DAA0027E068 /* example.com */,
				9FB08F3525CD6DAA0027E068 /* Products */,
			);
			sourceTree = "<group>";
		};
		9FB08F3525CD6DAA0027E068 /* Products */ = {
			isa = PBXGroup;
			children = (
				9FB08F3425CD6DAA0027E068 /* example.com.app */,
			);
			name = Products;
			sourceTree = "<group>";
		};
		9FB08F3625CD6DAA0027E068 /* example.com */ = {
			isa = PBXGroup;
			children = (
				9FB08F3725CD6DAA0027E068 /* AppDelegate.h */,
				9FB08F3825CD6DAA0027E068 /* AppDelegate.m */,
				9FB08F3A25CD6DAE0027E068 /* Assets.xcassets */,
				9FB08F3C25CD6DAE0027E068 /* MainMenu.xib */,
				9FB08F3F25CD6DAE0027E068 /* Info.plist */,
				9FB08F4025CD6DAE0027E068 /* main.m */,
				9FB08F4225CD6DAE0027E068 /* example.com.entitlements */,
				9F1AB8E225D440A000A1E66C /* TLSClient.h */,
				9F1AB8E325D440A000A1E66C /* TLSClient.m */,
			);
			path = example.com;
			sourceTree = "<group>";
		};
/* End PBXGroup section */

/* Begin PBXNativeTarget section */
		9FB08F3325CD6DAA0027E068 /* example.com */ = {
			isa = PBXNativeTarget;
			buildConfigurationList = 9FB08F4525CD6DAE0027E068 /* Build configuration list for PBXNativeTarget "example.com" */;
			buildPhases = (
				9FB08F3025CD6DAA0027E068 /* Sources */,
				9FB08F3125CD6DAA0027E068 /* Frameworks */,
				9FB08F3225CD6DAA0027E068 /* Resources */,
			);
			buildRules = (
			);
			dependencies = (
			);
			name = example.com;
			productName = Test;
			productReference = 9FB08F3425CD6DAA0027E068 /* example.com.app */;
			productType = "com.apple.product-type.application";
		};
/* End PBXNativeTarget section */

/* Begin PBXProject section */
		9FB08F2C25CD6DA90027E068 /* Project object */ = {
			isa = PBXProject;
			attributes = {
				LastUpgradeCheck = 1220;
				TargetAttributes = {
					9FB08F3325CD6DAA0027E068 = {
						CreatedOnToolsVersion = 12.2;
					};
				};
			};
			buildConfigurationList = 9FB08F2F25CD6DA90027E068 /* Build configuration list for PBXProject "example.com" */;
			compatibilityVersion = "Xcode 9.3";
			developmentRegion = en;
			hasScannedForEncodings = 0;
			knownRegions = (
				en,
				Base,
			);
			mainGroup = 9FB08F2B25CD6DA90027E068;
			productRefGroup = 9FB08F3525CD6DAA0027E068 /* Products */;
			projectDirPath = "";
			projectRoot = "";
			targets = (
				9FB08F3325CD6DAA0027E068 /* example.com */,
			);
		};
/* End PBXProject section */

/* Begin PBXResourcesBuildPhase section */
		9FB08F3225CD6DAA0027E068 /* Resources */ = {
			isa = PBXResourcesBuildPhase;
			buildActionMask = 2147483647;
			files = (
				9FB08F3B25CD6DAE0027E068 /* Assets.xcassets in Resources */,
				9FB08F3E25CD6DAE0027E068 /* MainMenu.xib in Resources */,
			);
			runOnlyForDeploymentPostprocessing = 0;
		};
/* End PBXResourcesBuildPhase section */

/* Begin PBXSourcesBuildPhase section */
		9FB08F3025CD6DAA0027E068 /* Sources */ = {
			isa = PBXSourcesBuildPhase;
			buildActionMask = 2147483647;
			files = (
				9F1AB8E425D440A000A1E66C /* TLSClient.m in Sources */,
				9FB08F4125CD6DAE0027E068 /* main.m in Sources */,
				9FB08F3925CD6DAA0027E068 /* AppDelegate.m in Sources */,
			);
			runOnlyForDeploymentPostprocessing = 0;
		};
/* End PBXSourcesBuildPhase section */

/* Begin PBXVariantGroup section */
		9FB08F3C25CD6DAE0027E068 /* MainMenu.xib */ = {
			isa = PBXVariantGroup;
			children = (
				9FB08F3D25CD6DAE0027E068 /* Base */,
			);
			name = MainMenu.xib;
			sourceTree = "<group>";
		};
/* End PBXVariantGroup section */

/* Begin XCBuildConfiguration section */
		9FB08F4325CD6DAE0027E068 /* Debug */ = {
			isa = XCBuildConfiguration;
			buildSettings = {
				ALWAYS_SEARCH_USER_PATHS = NO;
				CLANG_ANALYZER_NONNULL = YES;
				CLANG_ANALYZER_NUMBER_OBJECT_CONVERSION = YES_AGGRESSIVE;
				CLANG_CXX_LANGUAGE_STANDARD = "gnu++14";
				CLANG_CXX_LIBRARY = "libc++";
				CLANG_ENABLE_MODULES = YES;
				CLANG_ENABLE_OBJC_ARC = YES;
				CLANG_ENABLE_OBJC_WEAK = YES;
				CLANG_WARN_BLOCK_CAPTURE_AUTORELEASING = YES;
				CLANG_WARN_BOOL_CONVERSION = YES;
				CLANG_WARN_COMMA = YES;
				CLANG_WARN_CONSTANT_CONVERSION = YES;
				CLANG_WARN_DEPRECATED_OBJC_IMPLEMENTATIONS = YES;
				CLANG_WARN_DIRECT_OBJC_ISA_USAGE = YES_ERROR;
				CLANG_WARN_DOCUMENTATION_COMMENTS = YES;
				CLANG_WARN_EMPTY_BODY = YES;
				CLANG_WARN_ENUM_CONVERSION = YES;
				CLANG_WARN_INFINITE_RECURSION = YES;
				CLANG_WARN_INT_CONVERSION = YES;
				CLANG_WARN_NON_LITERAL_NULL_CONVERSION = YES;
				CLANG_WARN_OBJC_IMPLICIT_RETAIN_SELF = YES;
				CLANG_WARN_OBJC_LITERAL_CONVERSION = YES;
				CLANG_WARN_OBJC_ROOT_CLASS = YES_ERROR;
				CLANG_WARN_QUOTED_INCLUDE_IN_FRAMEWORK_HEADER = YES;
				CLANG_WARN_RANGE_LOOP_ANALYSIS = YES;
				CLANG_WARN_STRICT_PROTOTYPES = YES;
				CLANG_WARN_SUSPICIOUS_MOVE = YES;
				CLANG_WARN_UNGUARDED_AVAILABILITY = YES_AGGRESSIVE;
				CLANG_WARN_UNREACHABLE_CODE = YES;
				CLANG_WARN__DUPLICATE_METHOD_MATCH = YES;
				COPY_PHASE_STRIP = NO;
				DEBUG_INFORMATION_FORMAT = dwarf;
				ENABLE_STRICT_OBJC_MSGSEND = YES;
				ENABLE_TESTABILITY = YES;
				GCC_C_LANGUAGE_STANDARD = gnu11;
				GCC_DYNAMIC_NO_PIC = NO;
				GCC_NO_COMMON_BLOCKS = YES;
				GCC_OPTIMIZATION_LEVEL = 0;
				GCC_PREPROCESSOR_DEFINITIONS = (
					"DEBUG=1",
					"$(inherited)",
				);
				GCC_WARN_64_TO_32_BIT_CONVERSION = YES;
				GCC_WARN_ABOUT_RETURN_TYPE = YES_ERROR;
				GCC_WARN_UNDECLARED_SELECTOR = YES;
				GCC_WARN_UNINITIALIZED_AUTOS = YES_AGGRESSIVE;
				GCC_WARN_UNUSED_FUNCTION = YES;
				GCC_WARN_UNUSED_VARIABLE = YES;
				MACOSX_DEPLOYMENT_TARGET = 10.15;
				MTL_ENABLE_DEBUG_INFO = INCLUDE_SOURCE;
				MTL_FAST_MATH = YES;
				ONLY_ACTIVE_ARCH = YES;
				SDKROOT = macosx;
			};
			name = Debug;
		};
		9FB08F4425CD6DAE0027E068 /* Release */ = {
			isa = XCBuildConfiguration;
			buildSettings = {
				ALWAYS_SEARCH_USER_PATHS = NO;
				CLANG_ANALYZER_NONNULL = YES;
				CLANG_ANALYZER_NUMBER_OBJECT_CONVERSION = YES_AGGRESSIVE;
				CLANG_CXX_LANGUAGE_STANDARD = "gnu++14";
				CLANG_CXX_LIBRARY = "libc++";
				CLANG_ENABLE_MODULES = YES;
				CLANG_ENABLE_OBJC_ARC = YES;
				CLANG_ENABLE_OBJC_WEAK = YES;
				CLANG_WARN_BLOCK_CAPTURE_AUTORELEASING = YES;
				CLANG_WARN_BOOL_CONVERSION = YES;
				CLANG_WARN_COMMA = YES;
				CLANG_WARN_CONSTANT_CONVERSION = YES;
				CLANG_WARN_DEPRECATED_OBJC_IMPLEMENTATIONS = YES;
				CLANG_WARN_DIRECT_OBJC_ISA_USAGE = YES_ERROR;
				CLANG_WARN_DOCUMENTATION_COMMENTS = YES;
				CLANG_WARN_EMPTY_BODY = YES;
				CLANG_WARN_ENUM_CONVERSION = YES;
				CLANG_WARN_INFINITE_RECURSION = YES;
				CLANG_WARN_INT_CONVERSION = YES;
				CLANG_WARN_NON_LITERAL_NULL_CONVERSION = YES;
				CLANG_WARN_OBJC_IMPLICIT_RETAIN_SELF = YES;
				CLANG_WARN_OBJC_LITERAL_CONVERSION = YES;
				CLANG_WARN_OBJC_ROOT_CLASS = YES_ERROR;
				CLANG_WARN_QUOTED_INCLUDE_IN_FRAMEWORK_HEADER = YES;
				CLANG_WARN_RANGE_LOOP_ANALYSIS = YES;
				CLANG_WARN_STRICT_PROTOTYPES = YES;
				CLANG_WARN_SUSPICIOUS_MOVE = YES;
				CLANG_WARN_UNGUARDED_AVAILABILITY = YES_AGGRESSIVE;
				CLANG_WARN_UNREACHABLE_CODE = YES;
				CLANG_WARN__DUPLICATE_METHOD_MATCH = YES;
				COPY_PHASE_STRIP = NO;
				DEBUG_INFORMATION_FORMAT = "dwarf-with-dsym";
				ENABLE_NS_ASSERTIONS = NO;
				ENABLE_STRICT_OBJC_MSGSEND = YES;
				GCC_C_LANGUAGE_STANDARD = gnu11;
				GCC_NO_COMMON_BLOCKS = YES;
				GCC_WARN_64_TO_32_BIT_CONVERSION = YES;
				GCC_WARN_ABOUT_RETURN_TYPE = YES_ERROR;
				GCC_WARN_UNDECLARED_SELECTOR = YES;
				GCC_WARN_UNINITIALIZED_AUTOS = YES_AGGRESSIVE;
				GCC_WARN_UNUSED_FUNCTION = YES;
				GCC_WARN_UNUSED_VARIABLE = YES;
				MACOSX_DEPLOYMENT_TARGET = 10.15;
				MTL_ENABLE_DEBUG_INFO = NO;
				MTL_FAST_MATH = YES;
				SDKROOT = macosx;
			};
			name = Release;
		};
		9FB08F4625CD6DAE0027E068 /* Debug */ = {
			isa = XCBuildConfiguration;
			buildSettings = {
				ASSETCATALOG_COMPILER_APPICON_NAME = AppIcon;
				ASSETCATALOG_COMPILER_GLOBAL_ACCENT_COLOR_NAME = AccentColor;
				CODE_SIGN_ENTITLEMENTS = example.com/example.com.entitlements;
				CODE_SIGN_STYLE = Automatic;
				COMBINE_HIDPI_IMAGES = YES;
				CURRENT_PROJECT_VERSION = 1;
				INFOPLIST_FILE = example.com/Info.plist;
				LD_RUNPATH_SEARCH_PATHS = (
					"$(inherited)",
					"@executable_path/../Frameworks",
				);
				MARKETING_VERSION = 1.0;
				PRODUCT_BUNDLE_IDENTIFIER = "net.ilammy.example-com";
				PRODUCT_NAME = "$(TARGET_NAME)";
			};
			name = Debug;
		};
		9FB08F4725CD6DAE0027E068 /* Release */ = {
			isa = XCBuildConfiguration;
			buildSettings = {
				ASSETCATALOG_COMPILER_APPICON_NAME = AppIcon;
				ASSETCATALOG_COMPILER_GLOBAL_ACCENT_COLOR_NAME = AccentColor;
				CODE_SIGN_ENTITLEMENTS = example.com/example.com.entitlements;
				CODE_SIGN_STYLE = Automatic;
				COMBINE_HIDPI_IMAGES = YES;
				CURRENT_PROJECT_VERSION = 1;
				INFOPLIST_FILE = example.com/Info.plist;
				LD_RUNPATH_SEARCH_PATHS = (
					"$(inherited)",
					"@executable_path/../Frameworks",
				);
				MARKETING_VERSION = 1.0;
				PRODUCT_BUNDLE_IDENTIFIER = "net.ilammy.example-com";
				PRODUCT_NAME = "$(TARGET_NAME)";
			};
			name = Release;
		};
/* End XCBuildConfiguration section */

/* Begin XCConfigurationList section */
		9FB08F2F25CD6DA90027E068 /* Build configuration list for PBXProject "example.com" */ = {
			isa = XCConfigurationList;
			buildConfigurations = (
				9FB08F4325CD6DAE0027E068 /* Debug */,
				9FB08F4425CD6DAE0027E068 /* Release */,
			);
			defaultConfigurationIsVisible = 0;
			defaultConfigurationName = Release;
		};
		9FB08F4525CD6DAE0027E068 /* Build configuration list for PBXNativeTarget "example.com" */ = {
			isa = XCConfigurationList;
			buildConfigurations = (
				9FB08F4625CD6DAE0027E068 /* Debug */,
				9FB08F4725CD6DAE0027E068 /* Release */,
			);
			defaultConfigurationIsVisible = 0;
			defaultConfigurationName = Release;
		};
/* End XCConfigurationList section */
	};
	rootObject = 9FB08F2C25CD6DA90027E068 /* Project object */;
}
